
Microsoft Visual Studio Solution File, Format Version 12.00
# Visual Studio Version 17
VisualStudioVersion = 17.13.35931.197 d17.13
MinimumVisualStudioVersion = 10.0.40219.1
Project("{FAE04EC0-301F-11D3-BF4B-00C04F79EFBC}") = "egz2025_react", "egz2025_react.csproj", "{231CEF24-5CE5-4F64-867E-5EE7A609B957}"
EndProject
Global
	GlobalSection(SolutionConfigurationPlatforms) = preSolution
		Debug|Any CPU = Debug|Any CPU
		Release|Any CPU = Release|Any CPU
	EndGlobalSection
	GlobalSection(ProjectConfigurationPlatforms) = postSolution
		{231CEF24-5CE5-4F64-867E-5EE7A609B957}.Debug|Any CPU.ActiveCfg = Debug|Any CPU
		{231CEF24-5CE5-4F64-867E-5EE7A609B957}.Debug|Any CPU.Build.0 = Debug|Any CPU
		{231CEF24-5CE5-4F64-867E-5EE7A609B957}.Release|Any CPU.ActiveCfg = Release|Any CPU
		{231CEF24-5CE5-4F64-867E-5EE7A609B957}.Release|Any CPU.Build.0 = Release|Any CPU
	EndGlobalSection
	GlobalSection(SolutionProperties) = preSolution
		HideSolutionNode = FALSE
	EndGlobalSection
	GlobalSection(ExtensibilityGlobals) = postSolution
		SolutionGuid = {37D108E2-B277-4B4B-9627-7E3913221F5E}
	EndGlobalSection
EndGlobal
