
Microsoft Visual Studio Solution File, Format Version 12.00
# Visual Studio Version 17
VisualStudioVersion = 17.11.35312.102
MinimumVisualStudioVersion = 10.0.40219.1
Project("{FAE04EC0-301F-11D3-BF4B-00C04F79EFBC}") = "MySolution.MSTest", "MySolution.MSTest\MySolution.MSTest.csproj", "{8BC4FE35-BDEB-4457-A4C3-53E1D171BA48}"
EndProject
Project("{FAE04EC0-301F-11D3-BF4B-00C04F79EFBC}") = "mySolution.WinForms", "mySolution.WinForms\mySolution.WinForms.csproj", "{83F0D089-ABCF-4E0F-99D0-F90CE5DA7D13}"
EndProject
Global
	GlobalSection(SolutionConfigurationPlatforms) = preSolution
		Debug|Any CPU = Debug|Any CPU
		Release|Any CPU = Release|Any CPU
	EndGlobalSection
	GlobalSection(ProjectConfigurationPlatforms) = postSolution
		{8BC4FE35-BDEB-4457-A4C3-53E1D171BA48}.Debug|Any CPU.ActiveCfg = Debug|Any CPU
		{8BC4FE35-BDEB-4457-A4C3-53E1D171BA48}.Debug|Any CPU.Build.0 = Debug|Any CPU
		{8BC4FE35-BDEB-4457-A4C3-53E1D171BA48}.Release|Any CPU.ActiveCfg = Release|Any CPU
		{8BC4FE35-BDEB-4457-A4C3-53E1D171BA48}.Release|Any CPU.Build.0 = Release|Any CPU
		{83F0D089-ABCF-4E0F-99D0-F90CE5DA7D13}.Debug|Any CPU.ActiveCfg = Debug|Any CPU
		{83F0D089-ABCF-4E0F-99D0-F90CE5DA7D13}.Debug|Any CPU.Build.0 = Debug|Any CPU
		{83F0D089-ABCF-4E0F-99D0-F90CE5DA7D13}.Release|Any CPU.ActiveCfg = Release|Any CPU
		{83F0D089-ABCF-4E0F-99D0-F90CE5DA7D13}.Release|Any CPU.Build.0 = Release|Any CPU
	EndGlobalSection
	GlobalSection(SolutionProperties) = preSolution
		HideSolutionNode = FALSE
	EndGlobalSection
	GlobalSection(ExtensibilityGlobals) = postSolution
		SolutionGuid = {F6418940-5AF7-4469-A537-C1B75823857D}
	EndGlobalSection
EndGlobal
