
Microsoft Visual Studio Solution File, Format Version 12.00
# Visual Studio Version 17
VisualStudioVersion = 17.11.35312.102
MinimumVisualStudioVersion = 10.0.40219.1
Project("{9A19103F-16F7-4668-BE54-9A1E7A4F7556}") = "cwArk1", "cwArk1.csproj", "{1E910786-EDBB-44F6-82AD-4A383AF1D3B2}"
EndProject
Global
	GlobalSection(SolutionConfigurationPlatforms) = preSolution
		Debug|Any CPU = Debug|Any CPU
		Release|Any CPU = Release|Any CPU
	EndGlobalSection
	GlobalSection(ProjectConfigurationPlatforms) = postSolution
		{1E910786-EDBB-44F6-82AD-4A383AF1D3B2}.Debug|Any CPU.ActiveCfg = Debug|Any CPU
		{1E910786-EDBB-44F6-82AD-4A383AF1D3B2}.Debug|Any CPU.Build.0 = Debug|Any CPU
		{1E910786-EDBB-44F6-82AD-4A383AF1D3B2}.Release|Any CPU.ActiveCfg = Release|Any CPU
		{1E910786-EDBB-44F6-82AD-4A383AF1D3B2}.Release|Any CPU.Build.0 = Release|Any CPU
	EndGlobalSection
	GlobalSection(SolutionProperties) = preSolution
		HideSolutionNode = FALSE
	EndGlobalSection
	GlobalSection(ExtensibilityGlobals) = postSolution
		SolutionGuid = {4C92D130-877E-42E8-849D-0C55AE9EF145}
	EndGlobalSection
EndGlobal
