
Microsoft Visual Studio Solution File, Format Version 12.00
# Visual Studio Version 17
VisualStudioVersion = 17.5.002.0
MinimumVisualStudioVersion = 10.0.40219.1
Project("{9A19103F-16F7-4668-BE54-9A1E7A4F7556}") = "cw10", "cw10.csproj", "{47B29BF9-2194-4418-A41D-C9E563DD0224}"
EndProject
Global
	GlobalSection(SolutionConfigurationPlatforms) = preSolution
		Debug|Any CPU = Debug|Any CPU
		Release|Any CPU = Release|Any CPU
	EndGlobalSection
	GlobalSection(ProjectConfigurationPlatforms) = postSolution
		{47B29BF9-2194-4418-A41D-C9E563DD0224}.Debug|Any CPU.ActiveCfg = Debug|Any CPU
		{47B29BF9-2194-4418-A41D-C9E563DD0224}.Debug|Any CPU.Build.0 = Debug|Any CPU
		{47B29BF9-2194-4418-A41D-C9E563DD0224}.Release|Any CPU.ActiveCfg = Release|Any CPU
		{47B29BF9-2194-4418-A41D-C9E563DD0224}.Release|Any CPU.Build.0 = Release|Any CPU
	EndGlobalSection
	GlobalSection(SolutionProperties) = preSolution
		HideSolutionNode = FALSE
	EndGlobalSection
	GlobalSection(ExtensibilityGlobals) = postSolution
		SolutionGuid = {B6C4F5C9-26DC-4680-A5D1-CAA0E654FC7C}
	EndGlobalSection
EndGlobal
