
Microsoft Visual Studio Solution File, Format Version 12.00
# Visual Studio Version 17
VisualStudioVersion = 17.5.002.0
MinimumVisualStudioVersion = 10.0.40219.1
Project("{9A19103F-16F7-4668-BE54-9A1E7A4F7556}") = "cw6", "cw6\cw6.csproj", "{C3CAFFEC-9B0B-46E3-ABA3-F0F8554D9EB7}"
EndProject
Global
	GlobalSection(SolutionConfigurationPlatforms) = preSolution
		Debug|Any CPU = Debug|Any CPU
		Release|Any CPU = Release|Any CPU
	EndGlobalSection
	GlobalSection(ProjectConfigurationPlatforms) = postSolution
		{C3CAFFEC-9B0B-46E3-ABA3-F0F8554D9EB7}.Debug|Any CPU.ActiveCfg = Debug|Any CPU
		{C3CAFFEC-9B0B-46E3-ABA3-F0F8554D9EB7}.Debug|Any CPU.Build.0 = Debug|Any CPU
		{C3CAFFEC-9B0B-46E3-ABA3-F0F8554D9EB7}.Release|Any CPU.ActiveCfg = Release|Any CPU
		{C3CAFFEC-9B0B-46E3-ABA3-F0F8554D9EB7}.Release|Any CPU.Build.0 = Release|Any CPU
	EndGlobalSection
	GlobalSection(SolutionProperties) = preSolution
		HideSolutionNode = FALSE
	EndGlobalSection
	GlobalSection(ExtensibilityGlobals) = postSolution
		SolutionGuid = {629FF04A-730B-43FE-8D90-37024B11B53C}
	EndGlobalSection
EndGlobal
